
Microsoft Visual Studio Solution File, Format Version 12.00
# Visual Studio Version 16
VisualStudioVersion = 16.0.30413.136
MinimumVisualStudioVersion = 10.0.40219.1
Project("{FAE04EC0-301F-11D3-BF4B-00C04F79EFBC}") = "WPFDemo", "WPFDemo\WPFDemo.csproj", "{709836B7-7173-43CC-ACA8-E19DA3C08D83}"
EndProject
Global
	GlobalSection(SolutionConfigurationPlatforms) = preSolution
		Debug|Any CPU = Debug|Any CPU
		Release|Any CPU = Release|Any CPU
	EndGlobalSection
	GlobalSection(ProjectConfigurationPlatforms) = postSolution
		{709836B7-7173-43CC-ACA8-E19DA3C08D83}.Debug|Any CPU.ActiveCfg = Debug|Any CPU
		{709836B7-7173-43CC-ACA8-E19DA3C08D83}.Debug|Any CPU.Build.0 = Debug|Any CPU
		{709836B7-7173-43CC-ACA8-E19DA3C08D83}.Release|Any CPU.ActiveCfg = Release|Any CPU
		{709836B7-7173-43CC-ACA8-E19DA3C08D83}.Release|Any CPU.Build.0 = Release|Any CPU
	EndGlobalSection
	GlobalSection(SolutionProperties) = preSolution
		HideSolutionNode = FALSE
	EndGlobalSection
	GlobalSection(ExtensibilityGlobals) = postSolution
		SolutionGuid = {E42B8883-1826-4F13-AF0B-7AA27421AE33}
	EndGlobalSection
EndGlobal
